PODS:
  - ReactiveObjC (3.0.0)

DEPENDENCIES:
  - ReactiveObjC (~> 3.0.0)

SPEC REPOS:
  https://github.com/cocoapods/specs.git:
    - ReactiveObjC

SPEC CHECKSUMS:
  ReactiveObjC: ce79989e8684b9086b5f8d0c74bc7b81a8729c9e

PODFILE CHECKSUM: 203e40b358ac4487d7984ad94ce0afbe6bc5a4aa

COCOAPODS: 1.5.3
